
Microsoft Visual Studio Solution File, Format Version 12.00
# Visual Studio Version 16
VisualStudioVersion = 16.0.30711.63
MinimumVisualStudioVersion = 10.0.40219.1
Project("{FAE04EC0-301F-11D3-BF4B-00C04F79EFBC}") = "TodoApi", "TodoApi\TodoApi.csproj", "{D900BF8B-5B5E-4043-AB84-1A1B2F7FBB9D}"
EndProject
Global
	GlobalSection(SolutionConfigurationPlatforms) = preSolution
		Debug|Any CPU = Debug|Any CPU
		Release|Any CPU = Release|Any CPU
	EndGlobalSection
	GlobalSection(ProjectConfigurationPlatforms) = postSolution
		{D900BF8B-5B5E-4043-AB84-1A1B2F7FBB9D}.Debug|Any CPU.ActiveCfg = Debug|Any CPU
		{D900BF8B-5B5E-4043-AB84-1A1B2F7FBB9D}.Debug|Any CPU.Build.0 = Debug|Any CPU
		{D900BF8B-5B5E-4043-AB84-1A1B2F7FBB9D}.Release|Any CPU.ActiveCfg = Release|Any CPU
		{D900BF8B-5B5E-4043-AB84-1A1B2F7FBB9D}.Release|Any CPU.Build.0 = Release|Any CPU
	EndGlobalSection
	GlobalSection(SolutionProperties) = preSolution
		HideSolutionNode = FALSE
	EndGlobalSection
	GlobalSection(ExtensibilityGlobals) = postSolution
		SolutionGuid = {0F059466-6599-46A9-AFB0-08B1C1D99C3D}
	EndGlobalSection
EndGlobal
